
Microsoft Visual Studio Solution File, Format Version 12.00
# Visual Studio Version 17
VisualStudioVersion = 17.3.32901.215
MinimumVisualStudioVersion = 10.0.40219.1
Project("{FAE04EC0-301F-11D3-BF4B-00C04F79EFBC}") = "WebCRUD", "WebCRUD\WebCRUD.csproj", "{CADE8B99-E2BB-431E-89CC-8C39354F5A71}"
EndProject
Global
	GlobalSection(SolutionConfigurationPlatforms) = preSolution
		Debug|Any CPU = Debug|Any CPU
		Release|Any CPU = Release|Any CPU
	EndGlobalSection
	GlobalSection(ProjectConfigurationPlatforms) = postSolution
		{CADE8B99-E2BB-431E-89CC-8C39354F5A71}.Debug|Any CPU.ActiveCfg = Debug|Any CPU
		{CADE8B99-E2BB-431E-89CC-8C39354F5A71}.Debug|Any CPU.Build.0 = Debug|Any CPU
		{CADE8B99-E2BB-431E-89CC-8C39354F5A71}.Release|Any CPU.ActiveCfg = Release|Any CPU
		{CADE8B99-E2BB-431E-89CC-8C39354F5A71}.Release|Any CPU.Build.0 = Release|Any CPU
	EndGlobalSection
	GlobalSection(SolutionProperties) = preSolution
		HideSolutionNode = FALSE
	EndGlobalSection
	GlobalSection(ExtensibilityGlobals) = postSolution
		SolutionGuid = {EB67C336-E442-416F-A787-4E82871ECDCC}
	EndGlobalSection
EndGlobal
